
Microsoft Visual Studio Solution File, Format Version 12.00
# Visual Studio 14
VisualStudioVersion = 14.0.24720.0
MinimumVisualStudioVersion = 10.0.40219.1
Project("{FAE04EC0-301F-11D3-BF4B-00C04F79EFBC}") = "SvitTrainingAndPlacementSystem", "SvitTrainingAndPlacementSystem\SvitTrainingAndPlacementSystem.csproj", "{8DF99700-4EF1-4B32-807F-136B253FA7EF}"
EndProject
Project("{FAE04EC0-301F-11D3-BF4B-00C04F79EFBC}") = "DbAccess", "DbAccess\DbAccess.csproj", "{BB18A8AC-AF3E-4CAE-B051-A01F6308B613}"
EndProject
Global
	GlobalSection(SolutionConfigurationPlatforms) = preSolution
		Debug|Any CPU = Debug|Any CPU
		Release|Any CPU = Release|Any CPU
	EndGlobalSection
	GlobalSection(ProjectConfigurationPlatforms) = postSolution
		{8DF99700-4EF1-4B32-807F-136B253FA7EF}.Debug|Any CPU.ActiveCfg = Debug|Any CPU
		{8DF99700-4EF1-4B32-807F-136B253FA7EF}.Debug|Any CPU.Build.0 = Debug|Any CPU
		{8DF99700-4EF1-4B32-807F-136B253FA7EF}.Release|Any CPU.ActiveCfg = Release|Any CPU
		{8DF99700-4EF1-4B32-807F-136B253FA7EF}.Release|Any CPU.Build.0 = Release|Any CPU
		{BB18A8AC-AF3E-4CAE-B051-A01F6308B613}.Debug|Any CPU.ActiveCfg = Debug|Any CPU
		{BB18A8AC-AF3E-4CAE-B051-A01F6308B613}.Debug|Any CPU.Build.0 = Debug|Any CPU
		{BB18A8AC-AF3E-4CAE-B051-A01F6308B613}.Release|Any CPU.ActiveCfg = Release|Any CPU
		{BB18A8AC-AF3E-4CAE-B051-A01F6308B613}.Release|Any CPU.Build.0 = Release|Any CPU
	EndGlobalSection
	GlobalSection(SolutionProperties) = preSolution
		HideSolutionNode = FALSE
	EndGlobalSection
EndGlobal
